
Microsoft Visual Studio Solution File, Format Version 12.00
# Visual Studio 15
VisualStudioVersion = 15.0.27004.2006
MinimumVisualStudioVersion = 10.0.40219.1
Project("{888888A0-9F3D-457C-B088-3A5042F75D52}") = "Pygame.py", "Pygame.py\Pygame.py.pyproj", "{C677D503-93BC-4F51-BB2E-8373505CB0CB}"
EndProject
Global
	GlobalSection(SolutionConfigurationPlatforms) = preSolution
		Debug|Any CPU = Debug|Any CPU
		Release|Any CPU = Release|Any CPU
	EndGlobalSection
	GlobalSection(ProjectConfigurationPlatforms) = postSolution
		{C677D503-93BC-4F51-BB2E-8373505CB0CB}.Debug|Any CPU.ActiveCfg = Debug|Any CPU
		{C677D503-93BC-4F51-BB2E-8373505CB0CB}.Release|Any CPU.ActiveCfg = Release|Any CPU
	EndGlobalSection
	GlobalSection(SolutionProperties) = preSolution
		HideSolutionNode = FALSE
	EndGlobalSection
	GlobalSection(ExtensibilityGlobals) = postSolution
		SolutionGuid = {3EC25816-4190-4F17-B27D-233E3AAF264F}
	EndGlobalSection
EndGlobal
